{
  "name": "api-lambda-crud-dynamodb",
  "version": "1.0.0",
  "lockfileVersion": 2,
  "requires": true,
  "packages": {
    "": {
      "name": "api-lambda-crud-dynamodb",
      "version": "1.0.0",
      "hasInstallScript": true,
      "license": "MIT",
      "dependencies": {
        "aws-cdk-lib": "^2.0.0",
        "constructs": "^10.0.0"
      },
      "devDependencies": {
        "@types/node": "*",
        "aws-cdk": "*",
        "esbuild": "*",
        "typescript": "~4.6.0"
      }
    },
    "node_modules/@esbuild/linux-loong64": {
      "version": "0.15.2",
      "resolved": "https://registry.npmjs.org/@esbuild/linux-loong64/-/linux-loong64-0.15.2.tgz",
      "integrity": "sha512-lcfRxKY3CIBFop9slpNu04+fGro1S0QN5n+HrbOwR6eHHdYeidvMtSVK4vbbYmEMwQr3MFAt2yU6bhwl4dqL/A==",
      "cpu": [
        "loong64"
      ],
      "dev": true,
      "optional": true,
      "os": [
        "linux"
      ],
      "engines": {
        "node": ">=12"
      }
    },
    "node_modules/@types/node": {
      "version": "18.7.3",
      "resolved": "https://registry.npmjs.org/@types/node/-/node-18.7.3.tgz",
      "integrity": "sha512-LJgzOEwWuMTBxHzgBR/fhhBOWrvBjvO+zPteUgbbuQi80rYIZHrk1mNbRUqPZqSLP2H7Rwt1EFLL/tNLD1Xx/w==",
      "dev": true
    },
    "node_modules/aws-cdk": {
      "version": "2.37.1",
      "resolved": "https://registry.npmjs.org/aws-cdk/-/aws-cdk-2.37.1.tgz",
      "integrity": "sha512-TqYhLiFqMEoFqGPubhD7GAXat9lRxA+nVrKQl3Ukyk92SnY/y0BZUpUaddM8IA6lL+RAPbrnEYV2slhu38I+Vw==",
      "dev": true,
      "bin": {
        "cdk": "bin/cdk"
      },
      "engines": {
        "node": ">= 14.15.0"
      },
      "optionalDependencies": {
        "fsevents": "2.3.2"
      }
    },
    "node_modules/aws-cdk-lib": {
      "version": "2.37.1",
      "resolved": "https://registry.npmjs.org/aws-cdk-lib/-/aws-cdk-lib-2.37.1.tgz",
      "integrity": "sha512-TN9PkfxGvwpODOBedhmCHUFMwvrNBJIadY42BYyOerk1Hw9bOT5R3phqhm4ujzJDHKXtdgRNFRg1zw6spRodjg==",
      "bundleDependencies": [
        "@balena/dockerignore",
        "case",
        "fs-extra",
        "ignore",
        "jsonschema",
        "minimatch",
        "punycode",
        "semver",
        "yaml"
      ],
      "dependencies": {
        "@balena/dockerignore": "^1.0.2",
        "case": "1.6.3",
        "fs-extra": "^9.1.0",
        "ignore": "^5.2.0",
        "jsonschema": "^1.4.1",
        "minimatch": "^3.1.2",
        "punycode": "^2.1.1",
        "semver": "^7.3.7",
        "yaml": "1.10.2"
      },
      "engines": {
        "node": ">= 14.15.0"
      },
      "peerDependencies": {
        "constructs": "^10.0.0"
      }
    },
    "node_modules/aws-cdk-lib/node_modules/@balena/dockerignore": {
      "version": "1.0.2",
      "inBundle": true,
      "license": "Apache-2.0"
    },
    "node_modules/aws-cdk-lib/node_modules/at-least-node": {
      "version": "1.0.0",
      "inBundle": true,
      "license": "ISC",
      "engines": {
        "node": ">= 4.0.0"
      }
    },
    "node_modules/aws-cdk-lib/node_modules/balanced-match": {
      "version": "1.0.2",
      "inBundle": true,
      "license": "MIT"
    },
    "node_modules/aws-cdk-lib/node_modules/brace-expansion": {
      "version": "1.1.11",
      "inBundle": true,
      "license": "MIT",
      "dependencies": {
        "balanced-match": "^1.0.0",
        "concat-map": "0.0.1"
      }
    },
    "node_modules/aws-cdk-lib/node_modules/case": {
      "version": "1.6.3",
      "inBundle": true,
      "license": "(MIT OR GPL-3.0-or-later)",
      "engines": {
        "node": ">= 0.8.0"
      }
    },
    "node_modules/aws-cdk-lib/node_modules/concat-map": {
      "version": "0.0.1",
      "inBundle": true,
      "license": "MIT"
    },
    "node_modules/aws-cdk-lib/node_modules/fs-extra": {
      "version": "9.1.0",
      "inBundle": true,
      "license": "MIT",
      "dependencies": {
        "at-least-node": "^1.0.0",
        "graceful-fs": "^4.2.0",
        "jsonfile": "^6.0.1",
        "universalify": "^2.0.0"
      },
      "engines": {
        "node": ">=10"
      }
    },
    "node_modules/aws-cdk-lib/node_modules/graceful-fs": {
      "version": "4.2.10",
      "inBundle": true,
      "license": "ISC"
    },
    "node_modules/aws-cdk-lib/node_modules/ignore": {
      "version": "5.2.0",
      "inBundle": true,
      "license": "MIT",
      "engines": {
        "node": ">= 4"
      }
    },
    "node_modules/aws-cdk-lib/node_modules/jsonfile": {
      "version": "6.1.0",
      "inBundle": true,
      "license": "MIT",
      "dependencies": {
        "universalify": "^2.0.0"
      },
      "optionalDependencies": {
        "graceful-fs": "^4.1.6"
      }
    },
    "node_modules/aws-cdk-lib/node_modules/jsonschema": {
      "version": "1.4.1",
      "inBundle": true,
      "license": "MIT",
      "engines": {
        "node": "*"
      }
    },
    "node_modules/aws-cdk-lib/node_modules/lru-cache": {
      "version": "6.0.0",
      "inBundle": true,
      "license": "ISC",
      "dependencies": {
        "yallist": "^4.0.0"
      },
      "engines": {
        "node": ">=10"
      }
    },
    "node_modules/aws-cdk-lib/node_modules/minimatch": {
      "version": "3.1.2",
      "inBundle": true,
      "license": "ISC",
      "dependencies": {
        "brace-expansion": "^1.1.7"
      },
      "engines": {
        "node": "*"
      }
    },
    "node_modules/aws-cdk-lib/node_modules/punycode": {
      "version": "2.1.1",
      "inBundle": true,
      "license": "MIT",
      "engines": {
        "node": ">=6"
      }
    },
    "node_modules/aws-cdk-lib/node_modules/semver": {
      "version": "7.3.7",
      "inBundle": true,
      "license": "ISC",
      "dependencies": {
        "lru-cache": "^6.0.0"
      },
      "bin": {
        "semver": "bin/semver.js"
      },
      "engines": {
        "node": ">=10"
      }
    },
    "node_modules/aws-cdk-lib/node_modules/universalify": {
      "version": "2.0.0",
      "inBundle": true,
      "license": "MIT",
      "engines": {
        "node": ">= 10.0.0"
      }
    },
    "node_modules/aws-cdk-lib/node_modules/yallist": {
      "version": "4.0.0",
      "inBundle": true,
      "license": "ISC"
    },
    "node_modules/aws-cdk-lib/node_modules/yaml": {
      "version": "1.10.2",
      "inBundle": true,
      "license": "ISC",
      "engines": {
        "node": ">= 6"
      }
    },
    "node_modules/constructs": {
      "version": "10.1.75",
      "resolved": "https://registry.npmjs.org/constructs/-/constructs-10.1.75.tgz",
      "integrity": "sha512-3LJz3XQFcp4Rmj7I3kjVze97hS1aQAAJjLldgkpQ6gL6dsPnN3RNEVIG+uwdSluZZQICF8T9GX0oJalj2jWLJg==",
      "engines": {
        "node": ">= 14.17.0"
      }
    },
    "node_modules/esbuild": {
      "version": "0.15.2",
      "resolved": "https://registry.npmjs.org/esbuild/-/esbuild-0.15.2.tgz",
      "integrity": "sha512-iKfJsm2u5ATPI3x3sq/WrxISWhAZB/VpvygGG8Pr3q+xQhkIhyI737t+xUa71f50g0ioihQSGaHiQO5hbVDoSQ==",
      "dev": true,
      "hasInstallScript": true,
      "bin": {
        "esbuild": "bin/esbuild"
      },
      "engines": {
        "node": ">=12"
      },
      "optionalDependencies": {
        "@esbuild/linux-loong64": "0.15.2",
        "esbuild-android-64": "0.15.2",
        "esbuild-android-arm64": "0.15.2",
        "esbuild-darwin-64": "0.15.2",
        "esbuild-darwin-arm64": "0.15.2",
        "esbuild-freebsd-64": "0.15.2",
        "esbuild-freebsd-arm64": "0.15.2",
        "esbuild-linux-32": "0.15.2",
        "esbuild-linux-64": "0.15.2",
        "esbuild-linux-arm": "0.15.2",
        "esbuild-linux-arm64": "0.15.2",
        "esbuild-linux-mips64le": "0.15.2",
        "esbuild-linux-ppc64le": "0.15.2",
        "esbuild-linux-riscv64": "0.15.2",
        "esbuild-linux-s390x": "0.15.2",
        "esbuild-netbsd-64": "0.15.2",
        "esbuild-openbsd-64": "0.15.2",
        "esbuild-sunos-64": "0.15.2",
        "esbuild-windows-32": "0.15.2",
        "esbuild-windows-64": "0.15.2",
        "esbuild-windows-arm64": "0.15.2"
      }
    },
    "node_modules/esbuild-android-64": {
      "version": "0.15.2",
      "resolved": "https://registry.npmjs.org/esbuild-android-64/-/esbuild-android-64-0.15.2.tgz",
      "integrity": "sha512-lEyRmwmdkkKBpIOi0wKGheuCPECgl5/GCOQkhVpDFEj1lec3cinEk37EbD3f4PUvix1eAHtTa0UI1ga0Bznntg==",
      "cpu": [
        "x64"
      ],
      "dev": true,
      "optional": true,
      "os": [
        "android"
      ],
      "engines": {
        "node": ">=12"
      }
    },
    "node_modules/esbuild-android-arm64": {
      "version": "0.15.2",
      "resolved": "https://registry.npmjs.org/esbuild-android-arm64/-/esbuild-android-arm64-0.15.2.tgz",
      "integrity": "sha512-znXfd7QBNrpAVnB8ZP5Zj4a3ah5dPBPZwbn6v0f4Lub4iwwZJ1h34VWMuo2f7KZdIbl2axrei6FxlQncS8zzEw==",
      "cpu": [
        "arm64"
      ],
      "dev": true,
      "optional": true,
      "os": [
        "android"
      ],
      "engines": {
        "node": ">=12"
      }
    },
    "node_modules/esbuild-darwin-64": {
      "version": "0.15.2",
      "resolved": "https://registry.npmjs.org/esbuild-darwin-64/-/esbuild-darwin-64-0.15.2.tgz",
      "integrity": "sha512-keNq6K+qhEJ5kZ6L1UJGYjAnv6Kkpf2KjOjC6r0JMsX6ZAaXnA3OqqXJttEYzBKpZ+W6/T+paS4Slzk3N2bSvQ==",
      "cpu": [
        "x64"
      ],
      "dev": true,
      "optional": true,
      "os": [
        "darwin"
      ],
      "engines": {
        "node": ">=12"
      }
    },
    "node_modules/esbuild-darwin-arm64": {
      "version": "0.15.2",
      "resolved": "https://registry.npmjs.org/esbuild-darwin-arm64/-/esbuild-darwin-arm64-0.15.2.tgz",
      "integrity": "sha512-H/0vtLB/dY+TVGsAskmyuaQ7qegNVi+A4N5a+vpPHPFutzoGjcj4tf/77jZ3UsMTlN1dq+Ldala1P1pf486L8Q==",
      "cpu": [
        "arm64"
      ],
      "dev": true,
      "optional": true,
      "os": [
        "darwin"
      ],
      "engines": {
        "node": ">=12"
      }
    },
    "node_modules/esbuild-freebsd-64": {
      "version": "0.15.2",
      "resolved": "https://registry.npmjs.org/esbuild-freebsd-64/-/esbuild-freebsd-64-0.15.2.tgz",
      "integrity": "sha512-KMskcfVTisa2h/xaOwmoWEBm6CVWbKbrnEAv3sEfOF0wodjQfcPvW7HAxatMGL7AW9PIUP6UXLCCCUUnxL2yLQ==",
      "cpu": [
        "x64"
      ],
      "dev": true,
      "optional": true,
      "os": [
        "freebsd"
      ],
      "engines": {
        "node": ">=12"
      }
    },
    "node_modules/esbuild-freebsd-arm64": {
      "version": "0.15.2",
      "resolved": "https://registry.npmjs.org/esbuild-freebsd-arm64/-/esbuild-freebsd-arm64-0.15.2.tgz",
      "integrity": "sha512-RJJ3c4L6XGfZeiFqphK58KL+3LfrmebMLgB9QJ0Gygmjx1F6tnLUrLwNBNXrpMT7X4bEtCvP9Gvhkt5HVTdt7g==",
      "cpu": [
        "arm64"
      ],
      "dev": true,
      "optional": true,
      "os": [
        "freebsd"
      ],
      "engines": {
        "node": ">=12"
      }
    },
    "node_modules/esbuild-linux-32": {
      "version": "0.15.2",
      "resolved": "https://registry.npmjs.org/esbuild-linux-32/-/esbuild-linux-32-0.15.2.tgz",
      "integrity": "sha512-GfCEEs+D+vBrluCUBFr3MP8/PH/fNc5xl2JbsHkwivBXlbORXf5m4Ts8vII9qPxEkLAUsoYx4Bjp+Ca0WqQ9tA==",
      "cpu": [
        "ia32"
      ],
      "dev": true,
      "optional": true,
      "os": [
        "linux"
      ],
      "engines": {
        "node": ">=12"
      }
    },
    "node_modules/esbuild-linux-64": {
      "version": "0.15.2",
      "resolved": "https://registry.npmjs.org/esbuild-linux-64/-/esbuild-linux-64-0.15.2.tgz",
      "integrity": "sha512-F6GfpZrcTisWFrJZdx73NNVjY64iOqhxFsdmnftHZFfeLG4KyJg9hO5kd6E+Rq3udoRk41jPS+fg0+iCyq5Utg==",
      "cpu": [
        "x64"
      ],
      "dev": true,
      "optional": true,
      "os": [
        "linux"
      ],
      "engines": {
        "node": ">=12"
      }
    },
    "node_modules/esbuild-linux-arm": {
      "version": "0.15.2",
      "resolved": "https://registry.npmjs.org/esbuild-linux-arm/-/esbuild-linux-arm-0.15.2.tgz",
      "integrity": "sha512-u2YXH9ZCuyN9KwcpKCzhgUckBgy8O07oivv3cV/Z+WnFOjXhKFc+IY0v41nFODPEzEIbozMUx8boVexvHMXHDA==",
      "cpu": [
        "arm"
      ],
      "dev": true,
      "optional": true,
      "os": [
        "linux"
      ],
      "engines": {
        "node": ">=12"
      }
    },
    "node_modules/esbuild-linux-arm64": {
      "version": "0.15.2",
      "resolved": "https://registry.npmjs.org/esbuild-linux-arm64/-/esbuild-linux-arm64-0.15.2.tgz",
      "integrity": "sha512-CacsuBpOzU/WVWMS19iGHCrijgheCtmNb9mjlvpoxwLEVjHycc9/X+Pup6vp8dk5jRrhm/7lkY8Fbw9OxM+oug==",
      "cpu": [
        "arm64"
      ],
      "dev": true,
      "optional": true,
      "os": [
        "linux"
      ],
      "engines": {
        "node": ">=12"
      }
    },
    "node_modules/esbuild-linux-mips64le": {
      "version": "0.15.2",
      "resolved": "https://registry.npmjs.org/esbuild-linux-mips64le/-/esbuild-linux-mips64le-0.15.2.tgz",
      "integrity": "sha512-VY8pEtXAEyPfVCP/SKPGxaiNF7b259Le0wvEPQTYMeJycAVfahBhpg/9qk2Ufd7mMVGT7G2izr86jJsvuiMVZw==",
      "cpu": [
        "mips64el"
      ],
      "dev": true,
      "optional": true,
      "os": [
        "linux"
      ],
      "engines": {
        "node": ">=12"
      }
    },
    "node_modules/esbuild-linux-ppc64le": {
      "version": "0.15.2",
      "resolved": "https://registry.npmjs.org/esbuild-linux-ppc64le/-/esbuild-linux-ppc64le-0.15.2.tgz",
      "integrity": "sha512-+Sma8cuiVciTU+xuqErEU4hm8k2bMivqEXPGsXFPKJAV2XrLQlkT5zuPA4FWuKpxwVLUxxuYhkq0nv4j5Dv/3Q==",
      "cpu": [
        "ppc64"
      ],
      "dev": true,
      "optional": true,
      "os": [
        "linux"
      ],
      "engines": {
        "node": ">=12"
      }
    },
    "node_modules/esbuild-linux-riscv64": {
      "version": "0.15.2",
      "resolved": "https://registry.npmjs.org/esbuild-linux-riscv64/-/esbuild-linux-riscv64-0.15.2.tgz",
      "integrity": "sha512-HkqtnuEiVq2VvqD6Wb9LEWAedbpxXkq7h3Imop6vaAQUr5z8HROfTyY349QsP9aGY3aF/NiBkX20C6vOqTex8A==",
      "cpu": [
        "riscv64"
      ],
      "dev": true,
      "optional": true,
      "os": [
        "linux"
      ],
      "engines": {
        "node": ">=12"
      }
    },
    "node_modules/esbuild-linux-s390x": {
      "version": "0.15.2",
      "resolved": "https://registry.npmjs.org/esbuild-linux-s390x/-/esbuild-linux-s390x-0.15.2.tgz",
      "integrity": "sha512-nIqNFoovQRoz/YBm64xRWXT4yg5BtT2DXA8ogI8lJKy6B+mOKeOVVkvAbFU5YrvUq6AHhMuCsoa3CYFK5a4/vg==",
      "cpu": [
        "s390x"
      ],
      "dev": true,
      "optional": true,
      "os": [
        "linux"
      ],
      "engines": {
        "node": ">=12"
      }
    },
    "node_modules/esbuild-netbsd-64": {
      "version": "0.15.2",
      "resolved": "https://registry.npmjs.org/esbuild-netbsd-64/-/esbuild-netbsd-64-0.15.2.tgz",
      "integrity": "sha512-CY5kHo3C3+aY1VBv76lDTe/D/+4nkhA6cE8ENRezeEvWmu8pPqnIVk1cy/jLNNPBYkbZiR30z/QeZy5yWsW1kg==",
      "cpu": [
        "x64"
      ],
      "dev": true,
      "optional": true,
      "os": [
        "netbsd"
      ],
      "engines": {
        "node": ">=12"
      }
    },
    "node_modules/esbuild-openbsd-64": {
      "version": "0.15.2",
      "resolved": "https://registry.npmjs.org/esbuild-openbsd-64/-/esbuild-openbsd-64-0.15.2.tgz",
      "integrity": "sha512-fXpQW8I6Lm9gJubvW/QjR1OwQQ4tMriVhxznJJmbaX7EYHtcog6Fy+xqbl+YUBZ3dxmEBkBXd6LZaXkn10yavQ==",
      "cpu": [
        "x64"
      ],
      "dev": true,
      "optional": true,
      "os": [
        "openbsd"
      ],
      "engines": {
        "node": ">=12"
      }
    },
    "node_modules/esbuild-sunos-64": {
      "version": "0.15.2",
      "resolved": "https://registry.npmjs.org/esbuild-sunos-64/-/esbuild-sunos-64-0.15.2.tgz",
      "integrity": "sha512-8xaprqT/rxfbxljQrd2A4iASOnw46eiieghh6JgzjlrXP/6kbhN3fe8IgQclcdu6SjDPmQvNSURQ5xCeVATpbQ==",
      "cpu": [
        "x64"
      ],
      "dev": true,
      "optional": true,
      "os": [
        "sunos"
      ],
      "engines": {
        "node": ">=12"
      }
    },
    "node_modules/esbuild-windows-32": {
      "version": "0.15.2",
      "resolved": "https://registry.npmjs.org/esbuild-windows-32/-/esbuild-windows-32-0.15.2.tgz",
      "integrity": "sha512-lGLNGBmDQ0gZphbUfxT7n6OO1l6iOQM2xnYN90+etzTWZeI76CYLbVPCZR+kp3vzyIRAbcsS6NtM4SknHAwEww==",
      "cpu": [
        "ia32"
      ],
      "dev": true,
      "optional": true,
      "os": [
        "win32"
      ],
      "engines": {
        "node": ">=12"
      }
    },
    "node_modules/esbuild-windows-64": {
      "version": "0.15.2",
      "resolved": "https://registry.npmjs.org/esbuild-windows-64/-/esbuild-windows-64-0.15.2.tgz",
      "integrity": "sha512-Rc6cUwOiQiGgpAxlCl8Lj3o2Ds4n3OU8UyoWpOBXmms+gXdwlKBzxjwj5FxrZJ6EveYpFqzDP07tbzOa9YpTKw==",
      "cpu": [
        "x64"
      ],
      "dev": true,
      "optional": true,
      "os": [
        "win32"
      ],
      "engines": {
        "node": ">=12"
      }
    },
    "node_modules/esbuild-windows-arm64": {
      "version": "0.15.2",
      "resolved": "https://registry.npmjs.org/esbuild-windows-arm64/-/esbuild-windows-arm64-0.15.2.tgz",
      "integrity": "sha512-0bpQcIvd6TBIThA+nr9QsTfaU23Co5IPMlXmuNja6buDEu92b9im9ZMGV/BLF+jwKwG8/f1L/0Yfl9QzNuH4Eg==",
      "cpu": [
        "arm64"
      ],
      "dev": true,
      "optional": true,
      "os": [
        "win32"
      ],
      "engines": {
        "node": ">=12"
      }
    },
    "node_modules/fsevents": {
      "version": "2.3.2",
      "resolved": "https://registry.npmjs.org/fsevents/-/fsevents-2.3.2.tgz",
      "integrity": "sha512-xiqMQR4xAeHTuB9uWm+fFRcIOgKBMiOBP+eXiyT7jsgVCq1bkVygt00oASowB7EdtpOHaaPgKt812P9ab+DDKA==",
      "dev": true,
      "hasInstallScript": true,
      "optional": true,
      "os": [
        "darwin"
      ],
      "engines": {
        "node": "^8.16.0 || ^10.6.0 || >=11.0.0"
      }
    },
    "node_modules/typescript": {
      "version": "4.6.4",
      "resolved": "https://registry.npmjs.org/typescript/-/typescript-4.6.4.tgz",
      "integrity": "sha512-9ia/jWHIEbo49HfjrLGfKbZSuWo9iTMwXO+Ca3pRsSpbsMbc7/IU8NKdCZVRRBafVPGnoJeFL76ZOAA84I9fEg==",
      "dev": true,
      "bin": {
        "tsc": "bin/tsc",
        "tsserver": "bin/tsserver"
      },
      "engines": {
        "node": ">=4.2.0"
      }
    }
  },
  "dependencies": {
    "@esbuild/linux-loong64": {
      "version": "0.15.2",
      "resolved": "https://registry.npmjs.org/@esbuild/linux-loong64/-/linux-loong64-0.15.2.tgz",
      "integrity": "sha512-lcfRxKY3CIBFop9slpNu04+fGro1S0QN5n+HrbOwR6eHHdYeidvMtSVK4vbbYmEMwQr3MFAt2yU6bhwl4dqL/A==",
      "dev": true,
      "optional": true
    },
    "@types/node": {
      "version": "18.7.3",
      "resolved": "https://registry.npmjs.org/@types/node/-/node-18.7.3.tgz",
      "integrity": "sha512-LJgzOEwWuMTBxHzgBR/fhhBOWrvBjvO+zPteUgbbuQi80rYIZHrk1mNbRUqPZqSLP2H7Rwt1EFLL/tNLD1Xx/w==",
      "dev": true
    },
    "aws-cdk": {
      "version": "2.37.1",
      "resolved": "https://registry.npmjs.org/aws-cdk/-/aws-cdk-2.37.1.tgz",
      "integrity": "sha512-TqYhLiFqMEoFqGPubhD7GAXat9lRxA+nVrKQl3Ukyk92SnY/y0BZUpUaddM8IA6lL+RAPbrnEYV2slhu38I+Vw==",
      "dev": true,
      "requires": {
        "fsevents": "2.3.2"
      }
    },
    "aws-cdk-lib": {
      "version": "2.37.1",
      "resolved": "https://registry.npmjs.org/aws-cdk-lib/-/aws-cdk-lib-2.37.1.tgz",
      "integrity": "sha512-TN9PkfxGvwpODOBedhmCHUFMwvrNBJIadY42BYyOerk1Hw9bOT5R3phqhm4ujzJDHKXtdgRNFRg1zw6spRodjg==",
      "requires": {
        "@balena/dockerignore": "^1.0.2",
        "case": "1.6.3",
        "fs-extra": "^9.1.0",
        "ignore": "^5.2.0",
        "jsonschema": "^1.4.1",
        "minimatch": "^3.1.2",
        "punycode": "^2.1.1",
        "semver": "^7.3.7",
        "yaml": "1.10.2"
      },
      "dependencies": {
        "@balena/dockerignore": {
          "version": "1.0.2",
          "bundled": true
        },
        "at-least-node": {
          "version": "1.0.0",
          "bundled": true
        },
        "balanced-match": {
          "version": "1.0.2",
          "bundled": true
        },
        "brace-expansion": {
          "version": "1.1.11",
          "bundled": true,
          "requires": {
            "balanced-match": "^1.0.0",
            "concat-map": "0.0.1"
          }
        },
        "case": {
          "version": "1.6.3",
          "bundled": true
        },
        "concat-map": {
          "version": "0.0.1",
          "bundled": true
        },
        "fs-extra": {
          "version": "9.1.0",
          "bundled": true,
          "requires": {
            "at-least-node": "^1.0.0",
            "graceful-fs": "^4.2.0",
            "jsonfile": "^6.0.1",
            "universalify": "^2.0.0"
          }
        },
        "graceful-fs": {
          "version": "4.2.10",
          "bundled": true
        },
        "ignore": {
          "version": "5.2.0",
          "bundled": true
        },
        "jsonfile": {
          "version": "6.1.0",
          "bundled": true,
          "requires": {
            "graceful-fs": "^4.1.6",
            "universalify": "^2.0.0"
          }
        },
        "jsonschema": {
          "version": "1.4.1",
          "bundled": true
        },
        "lru-cache": {
          "version": "6.0.0",
          "bundled": true,
          "requires": {
            "yallist": "^4.0.0"
          }
        },
        "minimatch": {
          "version": "3.1.2",
          "bundled": true,
          "requires": {
            "brace-expansion": "^1.1.7"
          }
        },
        "punycode": {
          "version": "2.1.1",
          "bundled": true
        },
        "semver": {
          "version": "7.3.7",
          "bundled": true,
          "requires": {
            "lru-cache": "^6.0.0"
          }
        },
        "universalify": {
          "version": "2.0.0",
          "bundled": true
        },
        "yallist": {
          "version": "4.0.0",
          "bundled": true
        },
        "yaml": {
          "version": "1.10.2",
          "bundled": true
        }
      }
    },
    "constructs": {
      "version": "10.1.75",
      "resolved": "https://registry.npmjs.org/constructs/-/constructs-10.1.75.tgz",
      "integrity": "sha512-3LJz3XQFcp4Rmj7I3kjVze97hS1aQAAJjLldgkpQ6gL6dsPnN3RNEVIG+uwdSluZZQICF8T9GX0oJalj2jWLJg=="
    },
    "esbuild": {
      "version": "0.15.2",
      "resolved": "https://registry.npmjs.org/esbuild/-/esbuild-0.15.2.tgz",
      "integrity": "sha512-iKfJsm2u5ATPI3x3sq/WrxISWhAZB/VpvygGG8Pr3q+xQhkIhyI737t+xUa71f50g0ioihQSGaHiQO5hbVDoSQ==",
      "dev": true,
      "requires": {
        "@esbuild/linux-loong64": "0.15.2",
        "esbuild-android-64": "0.15.2",
        "esbuild-android-arm64": "0.15.2",
        "esbuild-darwin-64": "0.15.2",
        "esbuild-darwin-arm64": "0.15.2",
        "esbuild-freebsd-64": "0.15.2",
        "esbuild-freebsd-arm64": "0.15.2",
        "esbuild-linux-32": "0.15.2",
        "esbuild-linux-64": "0.15.2",
        "esbuild-linux-arm": "0.15.2",
        "esbuild-linux-arm64": "0.15.2",
        "esbuild-linux-mips64le": "0.15.2",
        "esbuild-linux-ppc64le": "0.15.2",
        "esbuild-linux-riscv64": "0.15.2",
        "esbuild-linux-s390x": "0.15.2",
        "esbuild-netbsd-64": "0.15.2",
        "esbuild-openbsd-64": "0.15.2",
        "esbuild-sunos-64": "0.15.2",
        "esbuild-windows-32": "0.15.2",
        "esbuild-windows-64": "0.15.2",
        "esbuild-windows-arm64": "0.15.2"
      }
    },
    "esbuild-android-64": {
      "version": "0.15.2",
      "resolved": "https://registry.npmjs.org/esbuild-android-64/-/esbuild-android-64-0.15.2.tgz",
      "integrity": "sha512-lEyRmwmdkkKBpIOi0wKGheuCPECgl5/GCOQkhVpDFEj1lec3cinEk37EbD3f4PUvix1eAHtTa0UI1ga0Bznntg==",
      "dev": true,
      "optional": true
    },
    "esbuild-android-arm64": {
      "version": "0.15.2",
      "resolved": "https://registry.npmjs.org/esbuild-android-arm64/-/esbuild-android-arm64-0.15.2.tgz",
      "integrity": "sha512-znXfd7QBNrpAVnB8ZP5Zj4a3ah5dPBPZwbn6v0f4Lub4iwwZJ1h34VWMuo2f7KZdIbl2axrei6FxlQncS8zzEw==",
      "dev": true,
      "optional": true
    },
    "esbuild-darwin-64": {
      "version": "0.15.2",
      "resolved": "https://registry.npmjs.org/esbuild-darwin-64/-/esbuild-darwin-64-0.15.2.tgz",
      "integrity": "sha512-keNq6K+qhEJ5kZ6L1UJGYjAnv6Kkpf2KjOjC6r0JMsX6ZAaXnA3OqqXJttEYzBKpZ+W6/T+paS4Slzk3N2bSvQ==",
      "dev": true,
      "optional": true
    },
    "esbuild-darwin-arm64": {
      "version": "0.15.2",
      "resolved": "https://registry.npmjs.org/esbuild-darwin-arm64/-/esbuild-darwin-arm64-0.15.2.tgz",
      "integrity": "sha512-H/0vtLB/dY+TVGsAskmyuaQ7qegNVi+A4N5a+vpPHPFutzoGjcj4tf/77jZ3UsMTlN1dq+Ldala1P1pf486L8Q==",
      "dev": true,
      "optional": true
    },
    "esbuild-freebsd-64": {
      "version": "0.15.2",
      "resolved": "https://registry.npmjs.org/esbuild-freebsd-64/-/esbuild-freebsd-64-0.15.2.tgz",
      "integrity": "sha512-KMskcfVTisa2h/xaOwmoWEBm6CVWbKbrnEAv3sEfOF0wodjQfcPvW7HAxatMGL7AW9PIUP6UXLCCCUUnxL2yLQ==",
      "dev": true,
      "optional": true
    },
    "esbuild-freebsd-arm64": {
      "version": "0.15.2",
      "resolved": "https://registry.npmjs.org/esbuild-freebsd-arm64/-/esbuild-freebsd-arm64-0.15.2.tgz",
      "integrity": "sha512-RJJ3c4L6XGfZeiFqphK58KL+3LfrmebMLgB9QJ0Gygmjx1F6tnLUrLwNBNXrpMT7X4bEtCvP9Gvhkt5HVTdt7g==",
      "dev": true,
      "optional": true
    },
    "esbuild-linux-32": {
      "version": "0.15.2",
      "resolved": "https://registry.npmjs.org/esbuild-linux-32/-/esbuild-linux-32-0.15.2.tgz",
      "integrity": "sha512-GfCEEs+D+vBrluCUBFr3MP8/PH/fNc5xl2JbsHkwivBXlbORXf5m4Ts8vII9qPxEkLAUsoYx4Bjp+Ca0WqQ9tA==",
      "dev": true,
      "optional": true
    },
    "esbuild-linux-64": {
      "version": "0.15.2",
      "resolved": "https://registry.npmjs.org/esbuild-linux-64/-/esbuild-linux-64-0.15.2.tgz",
      "integrity": "sha512-F6GfpZrcTisWFrJZdx73NNVjY64iOqhxFsdmnftHZFfeLG4KyJg9hO5kd6E+Rq3udoRk41jPS+fg0+iCyq5Utg==",
      "dev": true,
      "optional": true
    },
    "esbuild-linux-arm": {
      "version": "0.15.2",
      "resolved": "https://registry.npmjs.org/esbuild-linux-arm/-/esbuild-linux-arm-0.15.2.tgz",
      "integrity": "sha512-u2YXH9ZCuyN9KwcpKCzhgUckBgy8O07oivv3cV/Z+WnFOjXhKFc+IY0v41nFODPEzEIbozMUx8boVexvHMXHDA==",
      "dev": true,
      "optional": true
    },
    "esbuild-linux-arm64": {
      "version": "0.15.2",
      "resolved": "https://registry.npmjs.org/esbuild-linux-arm64/-/esbuild-linux-arm64-0.15.2.tgz",
      "integrity": "sha512-CacsuBpOzU/WVWMS19iGHCrijgheCtmNb9mjlvpoxwLEVjHycc9/X+Pup6vp8dk5jRrhm/7lkY8Fbw9OxM+oug==",
      "dev": true,
      "optional": true
    },
    "esbuild-linux-mips64le": {
      "version": "0.15.2",
      "resolved": "https://registry.npmjs.org/esbuild-linux-mips64le/-/esbuild-linux-mips64le-0.15.2.tgz",
      "integrity": "sha512-VY8pEtXAEyPfVCP/SKPGxaiNF7b259Le0wvEPQTYMeJycAVfahBhpg/9qk2Ufd7mMVGT7G2izr86jJsvuiMVZw==",
      "dev": true,
      "optional": true
    },
    "esbuild-linux-ppc64le": {
      "version": "0.15.2",
      "resolved": "https://registry.npmjs.org/esbuild-linux-ppc64le/-/esbuild-linux-ppc64le-0.15.2.tgz",
      "integrity": "sha512-+Sma8cuiVciTU+xuqErEU4hm8k2bMivqEXPGsXFPKJAV2XrLQlkT5zuPA4FWuKpxwVLUxxuYhkq0nv4j5Dv/3Q==",
      "dev": true,
      "optional": true
    },
    "esbuild-linux-riscv64": {
      "version": "0.15.2",
      "resolved": "https://registry.npmjs.org/esbuild-linux-riscv64/-/esbuild-linux-riscv64-0.15.2.tgz",
      "integrity": "sha512-HkqtnuEiVq2VvqD6Wb9LEWAedbpxXkq7h3Imop6vaAQUr5z8HROfTyY349QsP9aGY3aF/NiBkX20C6vOqTex8A==",
      "dev": true,
      "optional": true
    },
    "esbuild-linux-s390x": {
      "version": "0.15.2",
      "resolved": "https://registry.npmjs.org/esbuild-linux-s390x/-/esbuild-linux-s390x-0.15.2.tgz",
      "integrity": "sha512-nIqNFoovQRoz/YBm64xRWXT4yg5BtT2DXA8ogI8lJKy6B+mOKeOVVkvAbFU5YrvUq6AHhMuCsoa3CYFK5a4/vg==",
      "dev": true,
      "optional": true
    },
    "esbuild-netbsd-64": {
      "version": "0.15.2",
      "resolved": "https://registry.npmjs.org/esbuild-netbsd-64/-/esbuild-netbsd-64-0.15.2.tgz",
      "integrity": "sha512-CY5kHo3C3+aY1VBv76lDTe/D/+4nkhA6cE8ENRezeEvWmu8pPqnIVk1cy/jLNNPBYkbZiR30z/QeZy5yWsW1kg==",
      "dev": true,
      "optional": true
    },
    "esbuild-openbsd-64": {
      "version": "0.15.2",
      "resolved": "https://registry.npmjs.org/esbuild-openbsd-64/-/esbuild-openbsd-64-0.15.2.tgz",
      "integrity": "sha512-fXpQW8I6Lm9gJubvW/QjR1OwQQ4tMriVhxznJJmbaX7EYHtcog6Fy+xqbl+YUBZ3dxmEBkBXd6LZaXkn10yavQ==",
      "dev": true,
      "optional": true
    },
    "esbuild-sunos-64": {
      "version": "0.15.2",
      "resolved": "https://registry.npmjs.org/esbuild-sunos-64/-/esbuild-sunos-64-0.15.2.tgz",
      "integrity": "sha512-8xaprqT/rxfbxljQrd2A4iASOnw46eiieghh6JgzjlrXP/6kbhN3fe8IgQclcdu6SjDPmQvNSURQ5xCeVATpbQ==",
      "dev": true,
      "optional": true
    },
    "esbuild-windows-32": {
      "version": "0.15.2",
      "resolved": "https://registry.npmjs.org/esbuild-windows-32/-/esbuild-windows-32-0.15.2.tgz",
      "integrity": "sha512-lGLNGBmDQ0gZphbUfxT7n6OO1l6iOQM2xnYN90+etzTWZeI76CYLbVPCZR+kp3vzyIRAbcsS6NtM4SknHAwEww==",
      "dev": true,
      "optional": true
    },
    "esbuild-windows-64": {
      "version": "0.15.2",
      "resolved": "https://registry.npmjs.org/esbuild-windows-64/-/esbuild-windows-64-0.15.2.tgz",
      "integrity": "sha512-Rc6cUwOiQiGgpAxlCl8Lj3o2Ds4n3OU8UyoWpOBXmms+gXdwlKBzxjwj5FxrZJ6EveYpFqzDP07tbzOa9YpTKw==",
      "dev": true,
      "optional": true
    },
    "esbuild-windows-arm64": {
      "version": "0.15.2",
      "resolved": "https://registry.npmjs.org/esbuild-windows-arm64/-/esbuild-windows-arm64-0.15.2.tgz",
      "integrity": "sha512-0bpQcIvd6TBIThA+nr9QsTfaU23Co5IPMlXmuNja6buDEu92b9im9ZMGV/BLF+jwKwG8/f1L/0Yfl9QzNuH4Eg==",
      "dev": true,
      "optional": true
    },
    "fsevents": {
      "version": "2.3.2",
      "resolved": "https://registry.npmjs.org/fsevents/-/fsevents-2.3.2.tgz",
      "integrity": "sha512-xiqMQR4xAeHTuB9uWm+fFRcIOgKBMiOBP+eXiyT7jsgVCq1bkVygt00oASowB7EdtpOHaaPgKt812P9ab+DDKA==",
      "dev": true,
      "optional": true
    },
    "typescript": {
      "version": "4.6.4",
      "resolved": "https://registry.npmjs.org/typescript/-/typescript-4.6.4.tgz",
      "integrity": "sha512-9ia/jWHIEbo49HfjrLGfKbZSuWo9iTMwXO+Ca3pRsSpbsMbc7/IU8NKdCZVRRBafVPGnoJeFL76ZOAA84I9fEg==",
      "dev": true
    }
  }
}
